
Microsoft Visual Studio Solution File, Format Version 12.00
Project("{FAE04EC0-301F-11D3-BF4B-00C04F79EFBC}") = "WebAppV3", "WebAppV3\WebAppV3.csproj", "{0A04616E-6C72-4B77-B039-1BE7CE7A7359}"
EndProject
Project("{FAE04EC0-301F-11D3-BF4B-00C04F79EFBC}") = "TestBible", "TestBible\TestBible.csproj", "{591A55FE-E5EB-4845-BD77-7BB4E955DCC2}"
EndProject
Project("{FAE04EC0-301F-11D3-BF4B-00C04F79EFBC}") = "TestProject1", "TestProject1\TestProject1.csproj", "{D51F2830-3B32-4B09-B9D9-9B52138F388E}"
EndProject
Project("{FAE04EC0-301F-11D3-BF4B-00C04F79EFBC}") = "DemonstrationTestV2", "DemonstrationTestV2\DemonstrationTestV2.csproj", "{F3C4DAFD-D847-4F1B-9257-F69B24DC3551}"
EndProject
Project("{FAE04EC0-301F-11D3-BF4B-00C04F79EFBC}") = "BibleItemTest.NSubstitue", "BibleItemTest.NSubstitue\BibleItemTest.NSubstitue.csproj", "{CF5BB352-3431-4642-B517-1D3927BA3C18}"
EndProject
Project("{FAE04EC0-301F-11D3-BF4B-00C04F79EFBC}") = "BibleItemApi.NSubstitute", "BibleItemApi.NSubstitute\BibleItemApi.NSubstitute.csproj", "{018A2861-0A3E-4238-8FD0-D693B4C4A4D0}"
EndProject
Global
	GlobalSection(SolutionConfigurationPlatforms) = preSolution
		Debug|Any CPU = Debug|Any CPU
		Release|Any CPU = Release|Any CPU
	EndGlobalSection
	GlobalSection(ProjectConfigurationPlatforms) = postSolution
		{0A04616E-6C72-4B77-B039-1BE7CE7A7359}.Debug|Any CPU.ActiveCfg = Debug|Any CPU
		{0A04616E-6C72-4B77-B039-1BE7CE7A7359}.Debug|Any CPU.Build.0 = Debug|Any CPU
		{0A04616E-6C72-4B77-B039-1BE7CE7A7359}.Release|Any CPU.ActiveCfg = Release|Any CPU
		{0A04616E-6C72-4B77-B039-1BE7CE7A7359}.Release|Any CPU.Build.0 = Release|Any CPU
		{591A55FE-E5EB-4845-BD77-7BB4E955DCC2}.Debug|Any CPU.ActiveCfg = Debug|Any CPU
		{591A55FE-E5EB-4845-BD77-7BB4E955DCC2}.Debug|Any CPU.Build.0 = Debug|Any CPU
		{591A55FE-E5EB-4845-BD77-7BB4E955DCC2}.Release|Any CPU.ActiveCfg = Release|Any CPU
		{591A55FE-E5EB-4845-BD77-7BB4E955DCC2}.Release|Any CPU.Build.0 = Release|Any CPU
		{D51F2830-3B32-4B09-B9D9-9B52138F388E}.Debug|Any CPU.ActiveCfg = Debug|Any CPU
		{D51F2830-3B32-4B09-B9D9-9B52138F388E}.Debug|Any CPU.Build.0 = Debug|Any CPU
		{D51F2830-3B32-4B09-B9D9-9B52138F388E}.Release|Any CPU.ActiveCfg = Release|Any CPU
		{D51F2830-3B32-4B09-B9D9-9B52138F388E}.Release|Any CPU.Build.0 = Release|Any CPU
		{F3C4DAFD-D847-4F1B-9257-F69B24DC3551}.Debug|Any CPU.ActiveCfg = Debug|Any CPU
		{F3C4DAFD-D847-4F1B-9257-F69B24DC3551}.Debug|Any CPU.Build.0 = Debug|Any CPU
		{F3C4DAFD-D847-4F1B-9257-F69B24DC3551}.Release|Any CPU.ActiveCfg = Release|Any CPU
		{F3C4DAFD-D847-4F1B-9257-F69B24DC3551}.Release|Any CPU.Build.0 = Release|Any CPU
		{CF5BB352-3431-4642-B517-1D3927BA3C18}.Debug|Any CPU.ActiveCfg = Debug|Any CPU
		{CF5BB352-3431-4642-B517-1D3927BA3C18}.Debug|Any CPU.Build.0 = Debug|Any CPU
		{CF5BB352-3431-4642-B517-1D3927BA3C18}.Release|Any CPU.ActiveCfg = Release|Any CPU
		{CF5BB352-3431-4642-B517-1D3927BA3C18}.Release|Any CPU.Build.0 = Release|Any CPU
		{018A2861-0A3E-4238-8FD0-D693B4C4A4D0}.Debug|Any CPU.ActiveCfg = Debug|Any CPU
		{018A2861-0A3E-4238-8FD0-D693B4C4A4D0}.Debug|Any CPU.Build.0 = Debug|Any CPU
		{018A2861-0A3E-4238-8FD0-D693B4C4A4D0}.Release|Any CPU.ActiveCfg = Release|Any CPU
		{018A2861-0A3E-4238-8FD0-D693B4C4A4D0}.Release|Any CPU.Build.0 = Release|Any CPU
	EndGlobalSection
EndGlobal
